
Microsoft Visual Studio Solution File, Format Version 12.00
# Visual Studio Version 17
VisualStudioVersion = 17.10.34916.146
MinimumVisualStudioVersion = 10.0.40219.1
Project("{FAE04EC0-301F-11D3-BF4B-00C04F79EFBC}") = "ProyectoApi_Martes", "ProyectoApi_Martes\ProyectoApi_Martes.csproj", "{C4E4DDAD-8E67-4E2C-BCC4-50574706DCE1}"
EndProject
Global
	GlobalSection(SolutionConfigurationPlatforms) = preSolution
		Debug|Any CPU = Debug|Any CPU
		Release|Any CPU = Release|Any CPU
	EndGlobalSection
	GlobalSection(ProjectConfigurationPlatforms) = postSolution
		{C4E4DDAD-8E67-4E2C-BCC4-50574706DCE1}.Debug|Any CPU.ActiveCfg = Debug|Any CPU
		{C4E4DDAD-8E67-4E2C-BCC4-50574706DCE1}.Debug|Any CPU.Build.0 = Debug|Any CPU
		{C4E4DDAD-8E67-4E2C-BCC4-50574706DCE1}.Release|Any CPU.ActiveCfg = Release|Any CPU
		{C4E4DDAD-8E67-4E2C-BCC4-50574706DCE1}.Release|Any CPU.Build.0 = Release|Any CPU
	EndGlobalSection
	GlobalSection(SolutionProperties) = preSolution
		HideSolutionNode = FALSE
	EndGlobalSection
	GlobalSection(ExtensibilityGlobals) = postSolution
		SolutionGuid = {866F737E-D818-495C-8E42-A8BF8809F159}
	EndGlobalSection
EndGlobal
